
Microsoft Visual Studio Solution File, Format Version 12.00
# Visual Studio Version 16
VisualStudioVersion = 16.0.32126.315
MinimumVisualStudioVersion = 10.0.40219.1
Project("{FAE04EC0-301F-11D3-BF4B-00C04F79EFBC}") = "FileHandlingTask", "FileHandlingTask\FileHandlingTask.csproj", "{B2F5C20D-6AF5-4E5A-A6C6-2CBA193B6FF5}"
EndProject
Global
	GlobalSection(SolutionConfigurationPlatforms) = preSolution
		Debug|Any CPU = Debug|Any CPU
		Release|Any CPU = Release|Any CPU
	EndGlobalSection
	GlobalSection(ProjectConfigurationPlatforms) = postSolution
		{B2F5C20D-6AF5-4E5A-A6C6-2CBA193B6FF5}.Debug|Any CPU.ActiveCfg = Debug|Any CPU
		{B2F5C20D-6AF5-4E5A-A6C6-2CBA193B6FF5}.Debug|Any CPU.Build.0 = Debug|Any CPU
		{B2F5C20D-6AF5-4E5A-A6C6-2CBA193B6FF5}.Release|Any CPU.ActiveCfg = Release|Any CPU
		{B2F5C20D-6AF5-4E5A-A6C6-2CBA193B6FF5}.Release|Any CPU.Build.0 = Release|Any CPU
	EndGlobalSection
	GlobalSection(SolutionProperties) = preSolution
		HideSolutionNode = FALSE
	EndGlobalSection
	GlobalSection(ExtensibilityGlobals) = postSolution
		SolutionGuid = {4CAA36FA-1B10-49B3-8540-03C505BAA27A}
	EndGlobalSection
EndGlobal
